
Microsoft Visual Studio Solution File, Format Version 12.00
# Visual Studio Version 17
VisualStudioVersion = 17.4.33213.308
MinimumVisualStudioVersion = 10.0.40219.1
Project("{888888A0-9F3D-457C-B088-3A5042F75D52}") = "SearchingAlgorithmEfficiency", "SearchingAlgorithmEfficiency\SearchingAlgorithmEfficiency.pyproj", "{FE0FEA54-4849-48D8-9462-1A30143D47D1}"
EndProject
Global
	GlobalSection(SolutionConfigurationPlatforms) = preSolution
		Debug|Any CPU = Debug|Any CPU
		Release|Any CPU = Release|Any CPU
	EndGlobalSection
	GlobalSection(ProjectConfigurationPlatforms) = postSolution
		{FE0FEA54-4849-48D8-9462-1A30143D47D1}.Debug|Any CPU.ActiveCfg = Debug|Any CPU
		{FE0FEA54-4849-48D8-9462-1A30143D47D1}.Release|Any CPU.ActiveCfg = Release|Any CPU
	EndGlobalSection
	GlobalSection(SolutionProperties) = preSolution
		HideSolutionNode = FALSE
	EndGlobalSection
	GlobalSection(ExtensibilityGlobals) = postSolution
		SolutionGuid = {9B181C5E-4581-46EC-9972-7C31F9BDD5F3}
	EndGlobalSection
EndGlobal
